
Microsoft Visual Studio Solution File, Format Version 12.00
# Visual Studio 15
VisualStudioVersion = 15.0.27130.2010
MinimumVisualStudioVersion = 10.0.40219.1
Project("{FAE04EC0-301F-11D3-BF4B-00C04F79EFBC}") = "Controller_Estoque", "Controller_Estoque\Controller_Estoque.csproj", "{D0222E4F-7F64-4E78-88A4-EA0DCAC46631}"
EndProject
Global
	GlobalSection(SolutionConfigurationPlatforms) = preSolution
		Debug|Any CPU = Debug|Any CPU
		Release|Any CPU = Release|Any CPU
	EndGlobalSection
	GlobalSection(ProjectConfigurationPlatforms) = postSolution
		{D0222E4F-7F64-4E78-88A4-EA0DCAC46631}.Debug|Any CPU.ActiveCfg = Debug|Any CPU
		{D0222E4F-7F64-4E78-88A4-EA0DCAC46631}.Debug|Any CPU.Build.0 = Debug|Any CPU
		{D0222E4F-7F64-4E78-88A4-EA0DCAC46631}.Release|Any CPU.ActiveCfg = Release|Any CPU
		{D0222E4F-7F64-4E78-88A4-EA0DCAC46631}.Release|Any CPU.Build.0 = Release|Any CPU
	EndGlobalSection
	GlobalSection(SolutionProperties) = preSolution
		HideSolutionNode = FALSE
	EndGlobalSection
	GlobalSection(ExtensibilityGlobals) = postSolution
		SolutionGuid = {74C9CE3A-84D4-48FB-9688-FB94412BDBA0}
	EndGlobalSection
EndGlobal
